
Microsoft Visual Studio Solution File, Format Version 12.00
# Visual Studio Version 17
VisualStudioVersion = 17.4.33213.308
MinimumVisualStudioVersion = 10.0.40219.1
Project("{9A19103F-16F7-4668-BE54-9A1E7A4F7556}") = "ProductRegistration", "ProductRegistration.csproj", "{2F0FC731-E2BA-419E-8869-5730F5742E56}"
EndProject
Project("{2150E333-8FDC-42A3-9474-1A3956D46DE8}") = "WebAPI", "WebAPI", "{17408785-734C-4498-8155-006193210BCF}"
EndProject
Project("{2150E333-8FDC-42A3-9474-1A3956D46DE8}") = "Business", "Business", "{C39F5C6A-5579-42E3-9AF5-03F60E6310D6}"
EndProject
Project("{2150E333-8FDC-42A3-9474-1A3956D46DE8}") = "Data", "Data", "{504B6651-DE52-4813-AE98-41EE0CD03EC9}"
EndProject
Project("{9A19103F-16F7-4668-BE54-9A1E7A4F7556}") = "DataLayer", "..\DataLayer\DataLayer.csproj", "{51316F7B-D491-451C-969E-978DBB22F760}"
EndProject
Project("{2150E333-8FDC-42A3-9474-1A3956D46DE8}") = "Entities", "Entities", "{B7CE4F00-8A3F-4126-BF1E-14F160DF4C9F}"
EndProject
Project("{9A19103F-16F7-4668-BE54-9A1E7A4F7556}") = "BusinessLayer", "..\Business\BusinessLayer.csproj", "{A713E280-3A53-44D0-8AE4-5E6F2725BF55}"
EndProject
Project("{9A19103F-16F7-4668-BE54-9A1E7A4F7556}") = "Entities", "..\Entities\Entities.csproj", "{1B34E902-B138-41A5-B3F4-402E72E98A8E}"
EndProject
Global
	GlobalSection(SolutionConfigurationPlatforms) = preSolution
		Debug|Any CPU = Debug|Any CPU
		Release|Any CPU = Release|Any CPU
	EndGlobalSection
	GlobalSection(ProjectConfigurationPlatforms) = postSolution
		{2F0FC731-E2BA-419E-8869-5730F5742E56}.Debug|Any CPU.ActiveCfg = Debug|Any CPU
		{2F0FC731-E2BA-419E-8869-5730F5742E56}.Debug|Any CPU.Build.0 = Debug|Any CPU
		{2F0FC731-E2BA-419E-8869-5730F5742E56}.Release|Any CPU.ActiveCfg = Release|Any CPU
		{2F0FC731-E2BA-419E-8869-5730F5742E56}.Release|Any CPU.Build.0 = Release|Any CPU
		{51316F7B-D491-451C-969E-978DBB22F760}.Debug|Any CPU.ActiveCfg = Debug|Any CPU
		{51316F7B-D491-451C-969E-978DBB22F760}.Debug|Any CPU.Build.0 = Debug|Any CPU
		{51316F7B-D491-451C-969E-978DBB22F760}.Release|Any CPU.ActiveCfg = Release|Any CPU
		{51316F7B-D491-451C-969E-978DBB22F760}.Release|Any CPU.Build.0 = Release|Any CPU
		{A713E280-3A53-44D0-8AE4-5E6F2725BF55}.Debug|Any CPU.ActiveCfg = Debug|Any CPU
		{A713E280-3A53-44D0-8AE4-5E6F2725BF55}.Debug|Any CPU.Build.0 = Debug|Any CPU
		{A713E280-3A53-44D0-8AE4-5E6F2725BF55}.Release|Any CPU.ActiveCfg = Release|Any CPU
		{A713E280-3A53-44D0-8AE4-5E6F2725BF55}.Release|Any CPU.Build.0 = Release|Any CPU
		{1B34E902-B138-41A5-B3F4-402E72E98A8E}.Debug|Any CPU.ActiveCfg = Debug|Any CPU
		{1B34E902-B138-41A5-B3F4-402E72E98A8E}.Debug|Any CPU.Build.0 = Debug|Any CPU
		{1B34E902-B138-41A5-B3F4-402E72E98A8E}.Release|Any CPU.ActiveCfg = Release|Any CPU
		{1B34E902-B138-41A5-B3F4-402E72E98A8E}.Release|Any CPU.Build.0 = Release|Any CPU
	EndGlobalSection
	GlobalSection(SolutionProperties) = preSolution
		HideSolutionNode = FALSE
	EndGlobalSection
	GlobalSection(NestedProjects) = preSolution
		{2F0FC731-E2BA-419E-8869-5730F5742E56} = {17408785-734C-4498-8155-006193210BCF}
		{51316F7B-D491-451C-969E-978DBB22F760} = {504B6651-DE52-4813-AE98-41EE0CD03EC9}
		{A713E280-3A53-44D0-8AE4-5E6F2725BF55} = {C39F5C6A-5579-42E3-9AF5-03F60E6310D6}
		{1B34E902-B138-41A5-B3F4-402E72E98A8E} = {B7CE4F00-8A3F-4126-BF1E-14F160DF4C9F}
	EndGlobalSection
	GlobalSection(ExtensibilityGlobals) = postSolution
		SolutionGuid = {17D867B8-EA6E-4A2A-9891-6364388C8F1C}
	EndGlobalSection
EndGlobal
